
Microsoft Visual Studio Solution File, Format Version 12.00
# Visual Studio 15
VisualStudioVersion = 15.0.26730.16
MinimumVisualStudioVersion = 10.0.40219.1
Project("{FAE04EC0-301F-11D3-BF4B-00C04F79EFBC}") = "GenericCounter", "GenericCounter\GenericCounter.csproj", "{3E9B605B-5EDE-496C-825A-B1D042F430FA}"
EndProject
Global
	GlobalSection(SolutionConfigurationPlatforms) = preSolution
		Debug|Any CPU = Debug|Any CPU
		Release|Any CPU = Release|Any CPU
	EndGlobalSection
	GlobalSection(ProjectConfigurationPlatforms) = postSolution
		{3E9B605B-5EDE-496C-825A-B1D042F430FA}.Debug|Any CPU.ActiveCfg = Debug|Any CPU
		{3E9B605B-5EDE-496C-825A-B1D042F430FA}.Debug|Any CPU.Build.0 = Debug|Any CPU
		{3E9B605B-5EDE-496C-825A-B1D042F430FA}.Release|Any CPU.ActiveCfg = Release|Any CPU
		{3E9B605B-5EDE-496C-825A-B1D042F430FA}.Release|Any CPU.Build.0 = Release|Any CPU
	EndGlobalSection
	GlobalSection(SolutionProperties) = preSolution
		HideSolutionNode = FALSE
	EndGlobalSection
	GlobalSection(ExtensibilityGlobals) = postSolution
		SolutionGuid = {913EE8D3-9792-470A-A474-597F228427AB}
	EndGlobalSection
EndGlobal
